
Microsoft Visual Studio Solution File, Format Version 12.00
# Visual Studio 15
VisualStudioVersion = 15.0.27428.2037
MinimumVisualStudioVersion = 10.0.40219.1
Project("{8BC9CEB8-8B4A-11D0-8D11-00A0C91BC942}") = "Pong", "Pong.vcxproj", "{C43E2631-423C-49E3-B3FA-CCFEDDD4D38D}"
EndProject
Global
	GlobalSection(SolutionConfigurationPlatforms) = preSolution
		Debug|x64 = Debug|x64
		Debug|x86 = Debug|x86
		Release|x64 = Release|x64
		Release|x86 = Release|x86
	EndGlobalSection
	GlobalSection(ProjectConfigurationPlatforms) = postSolution
		{C43E2631-423C-49E3-B3FA-CCFEDDD4D38D}.Debug|x64.ActiveCfg = Debug|x64
		{C43E2631-423C-49E3-B3FA-CCFEDDD4D38D}.Debug|x64.Build.0 = Debug|x64
		{C43E2631-423C-49E3-B3FA-CCFEDDD4D38D}.Debug|x86.ActiveCfg = Debug|Win32
		{C43E2631-423C-49E3-B3FA-CCFEDDD4D38D}.Debug|x86.Build.0 = Debug|Win32
		{C43E2631-423C-49E3-B3FA-CCFEDDD4D38D}.Release|x64.ActiveCfg = Release|x64
		{C43E2631-423C-49E3-B3FA-CCFEDDD4D38D}.Release|x64.Build.0 = Release|x64
		{C43E2631-423C-49E3-B3FA-CCFEDDD4D38D}.Release|x86.ActiveCfg = Release|Win32
		{C43E2631-423C-49E3-B3FA-CCFEDDD4D38D}.Release|x86.Build.0 = Release|Win32
	EndGlobalSection
	GlobalSection(SolutionProperties) = preSolution
		HideSolutionNode = FALSE
	EndGlobalSection
	GlobalSection(ExtensibilityGlobals) = postSolution
		SolutionGuid = {5D021CEA-2A8A-49B7-9972-B67AFE36C60B}
	EndGlobalSection
EndGlobal
